
Microsoft Visual Studio Solution File, Format Version 12.00
Project("{FAE04EC0-301F-11D3-BF4B-00C04F79EFBC}") = "PocketFlow", "PocketFlow\PocketFlow.csproj", "{33881379-D16D-45C9-9CCA-AED2AC4F4782}"
EndProject
Project("{FAE04EC0-301F-11D3-BF4B-00C04F79EFBC}") = "PocketFlow.Tests", "..\tests\PocketFlow.Tests\PocketFlow.Tests.csproj", "{C77C0F10-40CE-4E41-8886-E0AAC75C4075}"
EndProject
Project("{2150E333-8FDC-42A3-9474-1A3956D46DE8}") = "Tutorials", "Tutorials", "{7F6C859C-B82E-4928-8165-5E063D5A6FED}"
EndProject
Project("{FAE04EC0-301F-11D3-BF4B-00C04F79EFBC}") = "Chat", "..\tutorials\Chat\Chat.csproj", "{618E9614-1C15-452D-A0A4-4EA89B605A67}"
EndProject
Project("{FAE04EC0-301F-11D3-BF4B-00C04F79EFBC}") = "VoiceChat", "..\tutorials\VoiceChat\VoiceChat.csproj", "{6E8E91C0-80D4-49D3-8753-E28F8A1B074C}"
EndProject
Project("{FAE04EC0-301F-11D3-BF4B-00C04F79EFBC}") = "AgentSkills", "..\tutorials\AgentSkills\AgentSkills.csproj", "{1D9839A4-E7EB-4F3E-9F35-48211711D91B}"
EndProject
Project("{FAE04EC0-301F-11D3-BF4B-00C04F79EFBC}") = "CodeGenerator", "..\tutorials\CodeGenerator\CodeGenerator.csproj", "{C16CB960-ABB6-4D1F-A741-94F60BA1A71C}"
EndProject
Project("{FAE04EC0-301F-11D3-BF4B-00C04F79EFBC}") = "Text2Sql", "..\tutorials\Text2Sql\Text2Sql.csproj", "{8B319C69-4CFA-40A3-8FBB-A4982CE0BD29}"
EndProject
Project("{FAE04EC0-301F-11D3-BF4B-00C04F79EFBC}") = "Thinking", "..\tutorials\Thinking\Thinking.csproj", "{258228B8-39EE-407D-8A0F-7F3D54E02EEB}"
EndProject
Project("{FAE04EC0-301F-11D3-BF4B-00C04F79EFBC}") = "Memory", "..\tutorials\Memory\Memory.csproj", "{813C4BDE-3309-47ED-B997-A706E8F80A16}"
EndProject
Project("{FAE04EC0-301F-11D3-BF4B-00C04F79EFBC}") = "Agent", "..\tutorials\Agent\Agent.csproj", "{E29EA766-80F2-4355-A5C3-DCDFBA15FB17}"
EndProject
Project("{FAE04EC0-301F-11D3-BF4B-00C04F79EFBC}") = "Rag", "..\tutorials\Rag\Rag.csproj", "{8FD80779-5EAD-45FE-8000-83A406E8D743}"
EndProject
Project("{2150E333-8FDC-42A3-9474-1A3956D46DE8}") = "Samples", "Samples", "{11C979DE-A262-41B9-AB62-06945F8DB347}"
EndProject
Project("{FAE04EC0-301F-11D3-BF4B-00C04F79EFBC}") = "CodebaseKnowledgeBuilder", "..\samples\CodebaseKnowledgeBuilder\CodebaseKnowledgeBuilder.csproj", "{EBC956DD-C618-40F8-AD49-4703B04663B8}"
EndProject
Project("{FAE04EC0-301F-11D3-BF4B-00C04F79EFBC}") = "Workflow", "..\tutorials\Workflow\Workflow.csproj", "{9F680F17-D9A6-4E83-96AB-190A6E9A3A0D}"
EndProject
Project("{FAE04EC0-301F-11D3-BF4B-00C04F79EFBC}") = "MultiAgent", "..\tutorials\MultiAgent\MultiAgent.csproj", "{386F14D1-A1D0-4A2A-BAAA-090F8E98565A}"
EndProject
Project("{FAE04EC0-301F-11D3-BF4B-00C04F79EFBC}") = "SharedUtils", "..\tutorials\SharedUtils\SharedUtils.csproj", "{C781B8FC-55B8-48E5-AE6E-6DD165040C14}"
EndProject
Project("{2150E333-8FDC-42A3-9474-1A3956D46DE8}") = "Shared", "Shared", "{381C321B-7B07-49AD-B0AC-02B88E48F38A}"
EndProject
Project("{FAE04EC0-301F-11D3-BF4B-00C04F79EFBC}") = "AsyncBasic", "..\tutorials\AsyncBasic\AsyncBasic.csproj", "{F8B504EF-F7AA-47D1-B63A-82E3DEEBA69A}"
EndProject
Project("{FAE04EC0-301F-11D3-BF4B-00C04F79EFBC}") = "MCP", "..\tutorials\MCP\MCP.csproj", "{7AF668D8-6FF3-4318-88D0-31871C2B179E}"
EndProject
Project("{2150E333-8FDC-42A3-9474-1A3956D46DE8}") = "Documents", "Documents", "{471ADAD9-6BF0-4DCC-9E87-F9CCFCF95767}"
	ProjectSection(SolutionItems) = preProject
		..\README.md = ..\README.md
		..\LICENSE = ..\LICENSE
	EndProjectSection
EndProject
Project("{FAE04EC0-301F-11D3-BF4B-00C04F79EFBC}") = "Parallel", "..\tutorials\Parallel\Parallel.csproj", "{702F210C-FEC5-4017-9506-836693A5BC2E}"
EndProject
Project("{FAE04EC0-301F-11D3-BF4B-00C04F79EFBC}") = "ParallelFlow", "..\tutorials\ParallelFlow\ParallelFlow.csproj", "{1946EC23-2E88-48A8-A9BC-1090ABA40150}"
EndProject
Project("{FAE04EC0-301F-11D3-BF4B-00C04F79EFBC}") = "CodeReview", "..\samples\CodeReview\CodeReview.csproj", "{4F417C6B-94BE-46EE-BCC4-9F2113D166A7}"
EndProject
Project("{FAE04EC0-301F-11D3-BF4B-00C04F79EFBC}") = "A2a", "..\tutorials\A2a\A2a.csproj", "{595B91FC-D2DD-4975-ADEC-F49F9B6857D8}"
EndProject
Project("{FAE04EC0-301F-11D3-BF4B-00C04F79EFBC}") = "Batch", "..\tutorials\Batch\Batch.csproj", "{C53B4470-AA1F-4CAF-A305-E22BDA2E4BF3}"
EndProject
Project("{FAE04EC0-301F-11D3-BF4B-00C04F79EFBC}") = "BatchFlow", "..\tutorials\BatchFlow\BatchFlow.csproj", "{A25FAFF0-1BA5-41F8-A0A6-BEC344CF034F}"
EndProject
Project("{FAE04EC0-301F-11D3-BF4B-00C04F79EFBC}") = "BatchNode", "..\tutorials\BatchNode\BatchNode.csproj", "{19FB0B82-2ACE-483A-922D-3DFACC20D7DC}"
EndProject
Project("{FAE04EC0-301F-11D3-BF4B-00C04F79EFBC}") = "Guardrail", "..\tutorials\Guardrail\Guardrail.csproj", "{513D2B13-56C6-458F-B0BA-0B474DFD03CC}"
EndProject
Project("{FAE04EC0-301F-11D3-BF4B-00C04F79EFBC}") = "HelloWorld", "..\tutorials\HelloWorld\HelloWorld.csproj", "{101DF6AB-4D7A-4695-B278-23FC8A44B7EA}"
EndProject
Project("{FAE04EC0-301F-11D3-BF4B-00C04F79EFBC}") = "LlmStreaming", "..\tutorials\LlmStreaming\LlmStreaming.csproj", "{17C8DA0D-CCA2-4B8B-B523-411F7E07237B}"
EndProject
Project("{FAE04EC0-301F-11D3-BF4B-00C04F79EFBC}") = "PdfVision", "..\tutorials\PdfVision\PdfVision.csproj", "{93450486-BC42-48A5-90A7-716A34954D80}"
EndProject
Project("{FAE04EC0-301F-11D3-BF4B-00C04F79EFBC}") = "Visualization", "..\tutorials\Visualization\Visualization.csproj", "{6FC84A83-59CE-40D7-ACF6-471FBE8319EC}"
EndProject
Project("{FAE04EC0-301F-11D3-BF4B-00C04F79EFBC}") = "SearchTool", "..\tutorials\SearchTool\SearchTool.csproj", "{F7AED8EF-62C1-42A7-9415-808B39FD37DF}"
EndProject
Project("{FAE04EC0-301F-11D3-BF4B-00C04F79EFBC}") = "CrawlerTool", "..\tutorials\CrawlerTool\CrawlerTool.csproj", "{15F13ACD-E72B-4D7E-9D83-A8C8D3ED7D5B}"
EndProject
Project("{FAE04EC0-301F-11D3-BF4B-00C04F79EFBC}") = "EmbeddingTool", "..\tutorials\EmbeddingTool\EmbeddingTool.csproj", "{0ED611D9-1B27-4402-95BA-C98E2C92F96C}"
EndProject
Project("{FAE04EC0-301F-11D3-BF4B-00C04F79EFBC}") = "Flow", "..\tutorials\Flow\Flow.csproj", "{DA894EE2-8B3F-4373-857F-765941FE2EAA}"
EndProject
Project("{FAE04EC0-301F-11D3-BF4B-00C04F79EFBC}") = "MajorityVote", "..\tutorials\MajorityVote\MajorityVote.csproj", "{E6B25AC3-EB2D-4A30-8EA7-6DE33ECB61C9}"
EndProject
Project("{FAE04EC0-301F-11D3-BF4B-00C04F79EFBC}") = "MapReduce", "..\tutorials\MapReduce\MapReduce.csproj", "{91E5962A-A362-4555-98F9-04D89592833F}"
EndProject
Project("{FAE04EC0-301F-11D3-BF4B-00C04F79EFBC}") = "NestedBatch", "..\tutorials\NestedBatch\NestedBatch.csproj", "{5FB25BDA-FAC1-433A-BCDF-9464C0190BB3}"
EndProject
Project("{FAE04EC0-301F-11D3-BF4B-00C04F79EFBC}") = "StructuredOutput", "..\tutorials\StructuredOutput\StructuredOutput.csproj", "{062308A4-1A5B-4C57-9705-F58BC2E186A4}"
EndProject
Project("{FAE04EC0-301F-11D3-BF4B-00C04F79EFBC}") = "Supervisor", "..\tutorials\Supervisor\Supervisor.csproj", "{F0690657-37E0-4DC6-A47C-7C02269F599E}"
EndProject
Project("{FAE04EC0-301F-11D3-BF4B-00C04F79EFBC}") = "DatabaseTool", "..\tutorials\DatabaseTool\DatabaseTool.csproj", "{2AB489E2-259E-47BE-AC97-1C381E471E8D}"
EndProject
Project("{FAE04EC0-301F-11D3-BF4B-00C04F79EFBC}") = "Tracing", "..\tutorials\Tracing\Tracing.csproj", "{A5A00831-6318-4B64-A718-19C9300B871D}"
EndProject
Project("{FAE04EC0-301F-11D3-BF4B-00C04F79EFBC}") = "ThoughtActionObservation", "..\tutorials\ThoughtActionObservation\ThoughtActionObservation.csproj", "{653D0270-7352-4797-8CA7-ED0E7D184DD0}"
EndProject
Project("{FAE04EC0-301F-11D3-BF4B-00C04F79EFBC}") = "DocumentUpdater", "..\utils\DocumentUpdater\DocumentUpdater.csproj", "{0B32D4F3-F74F-47E8-91FE-107AEB1E2E65}"
EndProject
Global
	GlobalSection(SolutionConfigurationPlatforms) = preSolution
		Debug|Any CPU = Debug|Any CPU
		Release|Any CPU = Release|Any CPU
	EndGlobalSection
	GlobalSection(ProjectConfigurationPlatforms) = postSolution
		{33881379-D16D-45C9-9CCA-AED2AC4F4782}.Debug|Any CPU.ActiveCfg = Debug|Any CPU
		{33881379-D16D-45C9-9CCA-AED2AC4F4782}.Debug|Any CPU.Build.0 = Debug|Any CPU
		{33881379-D16D-45C9-9CCA-AED2AC4F4782}.Release|Any CPU.ActiveCfg = Release|Any CPU
		{33881379-D16D-45C9-9CCA-AED2AC4F4782}.Release|Any CPU.Build.0 = Release|Any CPU
		{C77C0F10-40CE-4E41-8886-E0AAC75C4075}.Debug|Any CPU.ActiveCfg = Debug|Any CPU
		{C77C0F10-40CE-4E41-8886-E0AAC75C4075}.Debug|Any CPU.Build.0 = Debug|Any CPU
		{C77C0F10-40CE-4E41-8886-E0AAC75C4075}.Release|Any CPU.ActiveCfg = Release|Any CPU
		{C77C0F10-40CE-4E41-8886-E0AAC75C4075}.Release|Any CPU.Build.0 = Release|Any CPU
		{618E9614-1C15-452D-A0A4-4EA89B605A67}.Debug|Any CPU.ActiveCfg = Debug|Any CPU
		{618E9614-1C15-452D-A0A4-4EA89B605A67}.Debug|Any CPU.Build.0 = Debug|Any CPU
		{618E9614-1C15-452D-A0A4-4EA89B605A67}.Release|Any CPU.ActiveCfg = Release|Any CPU
		{618E9614-1C15-452D-A0A4-4EA89B605A67}.Release|Any CPU.Build.0 = Release|Any CPU
		{6E8E91C0-80D4-49D3-8753-E28F8A1B074C}.Debug|Any CPU.ActiveCfg = Debug|Any CPU
		{6E8E91C0-80D4-49D3-8753-E28F8A1B074C}.Debug|Any CPU.Build.0 = Debug|Any CPU
		{6E8E91C0-80D4-49D3-8753-E28F8A1B074C}.Release|Any CPU.ActiveCfg = Release|Any CPU
		{6E8E91C0-80D4-49D3-8753-E28F8A1B074C}.Release|Any CPU.Build.0 = Release|Any CPU
		{1D9839A4-E7EB-4F3E-9F35-48211711D91B}.Debug|Any CPU.ActiveCfg = Debug|Any CPU
		{1D9839A4-E7EB-4F3E-9F35-48211711D91B}.Debug|Any CPU.Build.0 = Debug|Any CPU
		{1D9839A4-E7EB-4F3E-9F35-48211711D91B}.Release|Any CPU.ActiveCfg = Release|Any CPU
		{1D9839A4-E7EB-4F3E-9F35-48211711D91B}.Release|Any CPU.Build.0 = Release|Any CPU
		{C16CB960-ABB6-4D1F-A741-94F60BA1A71C}.Debug|Any CPU.ActiveCfg = Debug|Any CPU
		{C16CB960-ABB6-4D1F-A741-94F60BA1A71C}.Debug|Any CPU.Build.0 = Debug|Any CPU
		{C16CB960-ABB6-4D1F-A741-94F60BA1A71C}.Release|Any CPU.ActiveCfg = Release|Any CPU
		{C16CB960-ABB6-4D1F-A741-94F60BA1A71C}.Release|Any CPU.Build.0 = Release|Any CPU
		{8B319C69-4CFA-40A3-8FBB-A4982CE0BD29}.Debug|Any CPU.ActiveCfg = Debug|Any CPU
		{8B319C69-4CFA-40A3-8FBB-A4982CE0BD29}.Debug|Any CPU.Build.0 = Debug|Any CPU
		{8B319C69-4CFA-40A3-8FBB-A4982CE0BD29}.Release|Any CPU.ActiveCfg = Release|Any CPU
		{8B319C69-4CFA-40A3-8FBB-A4982CE0BD29}.Release|Any CPU.Build.0 = Release|Any CPU
		{258228B8-39EE-407D-8A0F-7F3D54E02EEB}.Debug|Any CPU.ActiveCfg = Debug|Any CPU
		{258228B8-39EE-407D-8A0F-7F3D54E02EEB}.Debug|Any CPU.Build.0 = Debug|Any CPU
		{258228B8-39EE-407D-8A0F-7F3D54E02EEB}.Release|Any CPU.ActiveCfg = Release|Any CPU
		{258228B8-39EE-407D-8A0F-7F3D54E02EEB}.Release|Any CPU.Build.0 = Release|Any CPU
		{813C4BDE-3309-47ED-B997-A706E8F80A16}.Debug|Any CPU.ActiveCfg = Debug|Any CPU
		{813C4BDE-3309-47ED-B997-A706E8F80A16}.Debug|Any CPU.Build.0 = Debug|Any CPU
		{813C4BDE-3309-47ED-B997-A706E8F80A16}.Release|Any CPU.ActiveCfg = Release|Any CPU
		{813C4BDE-3309-47ED-B997-A706E8F80A16}.Release|Any CPU.Build.0 = Release|Any CPU
		{E29EA766-80F2-4355-A5C3-DCDFBA15FB17}.Debug|Any CPU.ActiveCfg = Debug|Any CPU
		{E29EA766-80F2-4355-A5C3-DCDFBA15FB17}.Debug|Any CPU.Build.0 = Debug|Any CPU
		{E29EA766-80F2-4355-A5C3-DCDFBA15FB17}.Release|Any CPU.ActiveCfg = Release|Any CPU
		{E29EA766-80F2-4355-A5C3-DCDFBA15FB17}.Release|Any CPU.Build.0 = Release|Any CPU
		{8FD80779-5EAD-45FE-8000-83A406E8D743}.Debug|Any CPU.ActiveCfg = Debug|Any CPU
		{8FD80779-5EAD-45FE-8000-83A406E8D743}.Debug|Any CPU.Build.0 = Debug|Any CPU
		{8FD80779-5EAD-45FE-8000-83A406E8D743}.Release|Any CPU.ActiveCfg = Release|Any CPU
		{8FD80779-5EAD-45FE-8000-83A406E8D743}.Release|Any CPU.Build.0 = Release|Any CPU
		{EBC956DD-C618-40F8-AD49-4703B04663B8}.Debug|Any CPU.ActiveCfg = Debug|Any CPU
		{EBC956DD-C618-40F8-AD49-4703B04663B8}.Debug|Any CPU.Build.0 = Debug|Any CPU
		{EBC956DD-C618-40F8-AD49-4703B04663B8}.Release|Any CPU.ActiveCfg = Release|Any CPU
		{EBC956DD-C618-40F8-AD49-4703B04663B8}.Release|Any CPU.Build.0 = Release|Any CPU
		{9F680F17-D9A6-4E83-96AB-190A6E9A3A0D}.Debug|Any CPU.ActiveCfg = Debug|Any CPU
		{9F680F17-D9A6-4E83-96AB-190A6E9A3A0D}.Debug|Any CPU.Build.0 = Debug|Any CPU
		{9F680F17-D9A6-4E83-96AB-190A6E9A3A0D}.Release|Any CPU.ActiveCfg = Release|Any CPU
		{9F680F17-D9A6-4E83-96AB-190A6E9A3A0D}.Release|Any CPU.Build.0 = Release|Any CPU
		{386F14D1-A1D0-4A2A-BAAA-090F8E98565A}.Debug|Any CPU.ActiveCfg = Debug|Any CPU
		{386F14D1-A1D0-4A2A-BAAA-090F8E98565A}.Debug|Any CPU.Build.0 = Debug|Any CPU
		{386F14D1-A1D0-4A2A-BAAA-090F8E98565A}.Release|Any CPU.ActiveCfg = Release|Any CPU
		{386F14D1-A1D0-4A2A-BAAA-090F8E98565A}.Release|Any CPU.Build.0 = Release|Any CPU
		{C781B8FC-55B8-48E5-AE6E-6DD165040C14}.Debug|Any CPU.ActiveCfg = Debug|Any CPU
		{C781B8FC-55B8-48E5-AE6E-6DD165040C14}.Debug|Any CPU.Build.0 = Debug|Any CPU
		{C781B8FC-55B8-48E5-AE6E-6DD165040C14}.Release|Any CPU.ActiveCfg = Release|Any CPU
		{C781B8FC-55B8-48E5-AE6E-6DD165040C14}.Release|Any CPU.Build.0 = Release|Any CPU
		{F8B504EF-F7AA-47D1-B63A-82E3DEEBA69A}.Debug|Any CPU.ActiveCfg = Debug|Any CPU
		{F8B504EF-F7AA-47D1-B63A-82E3DEEBA69A}.Debug|Any CPU.Build.0 = Debug|Any CPU
		{F8B504EF-F7AA-47D1-B63A-82E3DEEBA69A}.Release|Any CPU.ActiveCfg = Release|Any CPU
		{F8B504EF-F7AA-47D1-B63A-82E3DEEBA69A}.Release|Any CPU.Build.0 = Release|Any CPU
		{7AF668D8-6FF3-4318-88D0-31871C2B179E}.Debug|Any CPU.ActiveCfg = Debug|Any CPU
		{7AF668D8-6FF3-4318-88D0-31871C2B179E}.Debug|Any CPU.Build.0 = Debug|Any CPU
		{7AF668D8-6FF3-4318-88D0-31871C2B179E}.Release|Any CPU.ActiveCfg = Release|Any CPU
		{7AF668D8-6FF3-4318-88D0-31871C2B179E}.Release|Any CPU.Build.0 = Release|Any CPU
		{702F210C-FEC5-4017-9506-836693A5BC2E}.Debug|Any CPU.ActiveCfg = Debug|Any CPU
		{702F210C-FEC5-4017-9506-836693A5BC2E}.Debug|Any CPU.Build.0 = Debug|Any CPU
		{702F210C-FEC5-4017-9506-836693A5BC2E}.Release|Any CPU.ActiveCfg = Release|Any CPU
		{702F210C-FEC5-4017-9506-836693A5BC2E}.Release|Any CPU.Build.0 = Release|Any CPU
		{1946EC23-2E88-48A8-A9BC-1090ABA40150}.Debug|Any CPU.ActiveCfg = Debug|Any CPU
		{1946EC23-2E88-48A8-A9BC-1090ABA40150}.Debug|Any CPU.Build.0 = Debug|Any CPU
		{1946EC23-2E88-48A8-A9BC-1090ABA40150}.Release|Any CPU.ActiveCfg = Release|Any CPU
		{1946EC23-2E88-48A8-A9BC-1090ABA40150}.Release|Any CPU.Build.0 = Release|Any CPU
		{4F417C6B-94BE-46EE-BCC4-9F2113D166A7}.Debug|Any CPU.ActiveCfg = Debug|Any CPU
		{4F417C6B-94BE-46EE-BCC4-9F2113D166A7}.Debug|Any CPU.Build.0 = Debug|Any CPU
		{4F417C6B-94BE-46EE-BCC4-9F2113D166A7}.Release|Any CPU.ActiveCfg = Release|Any CPU
		{4F417C6B-94BE-46EE-BCC4-9F2113D166A7}.Release|Any CPU.Build.0 = Release|Any CPU
		{595B91FC-D2DD-4975-ADEC-F49F9B6857D8}.Debug|Any CPU.ActiveCfg = Debug|Any CPU
		{595B91FC-D2DD-4975-ADEC-F49F9B6857D8}.Debug|Any CPU.Build.0 = Debug|Any CPU
		{595B91FC-D2DD-4975-ADEC-F49F9B6857D8}.Release|Any CPU.ActiveCfg = Release|Any CPU
		{595B91FC-D2DD-4975-ADEC-F49F9B6857D8}.Release|Any CPU.Build.0 = Release|Any CPU
		{C53B4470-AA1F-4CAF-A305-E22BDA2E4BF3}.Debug|Any CPU.ActiveCfg = Debug|Any CPU
		{C53B4470-AA1F-4CAF-A305-E22BDA2E4BF3}.Debug|Any CPU.Build.0 = Debug|Any CPU
		{C53B4470-AA1F-4CAF-A305-E22BDA2E4BF3}.Release|Any CPU.ActiveCfg = Release|Any CPU
		{C53B4470-AA1F-4CAF-A305-E22BDA2E4BF3}.Release|Any CPU.Build.0 = Release|Any CPU
		{A25FAFF0-1BA5-41F8-A0A6-BEC344CF034F}.Debug|Any CPU.ActiveCfg = Debug|Any CPU
		{A25FAFF0-1BA5-41F8-A0A6-BEC344CF034F}.Debug|Any CPU.Build.0 = Debug|Any CPU
		{A25FAFF0-1BA5-41F8-A0A6-BEC344CF034F}.Release|Any CPU.ActiveCfg = Release|Any CPU
		{A25FAFF0-1BA5-41F8-A0A6-BEC344CF034F}.Release|Any CPU.Build.0 = Release|Any CPU
		{19FB0B82-2ACE-483A-922D-3DFACC20D7DC}.Debug|Any CPU.ActiveCfg = Debug|Any CPU
		{19FB0B82-2ACE-483A-922D-3DFACC20D7DC}.Debug|Any CPU.Build.0 = Debug|Any CPU
		{19FB0B82-2ACE-483A-922D-3DFACC20D7DC}.Release|Any CPU.ActiveCfg = Release|Any CPU
		{19FB0B82-2ACE-483A-922D-3DFACC20D7DC}.Release|Any CPU.Build.0 = Release|Any CPU
		{513D2B13-56C6-458F-B0BA-0B474DFD03CC}.Debug|Any CPU.ActiveCfg = Debug|Any CPU
		{513D2B13-56C6-458F-B0BA-0B474DFD03CC}.Debug|Any CPU.Build.0 = Debug|Any CPU
		{513D2B13-56C6-458F-B0BA-0B474DFD03CC}.Release|Any CPU.ActiveCfg = Release|Any CPU
		{513D2B13-56C6-458F-B0BA-0B474DFD03CC}.Release|Any CPU.Build.0 = Release|Any CPU
		{101DF6AB-4D7A-4695-B278-23FC8A44B7EA}.Debug|Any CPU.ActiveCfg = Debug|Any CPU
		{101DF6AB-4D7A-4695-B278-23FC8A44B7EA}.Debug|Any CPU.Build.0 = Debug|Any CPU
		{101DF6AB-4D7A-4695-B278-23FC8A44B7EA}.Release|Any CPU.ActiveCfg = Release|Any CPU
		{101DF6AB-4D7A-4695-B278-23FC8A44B7EA}.Release|Any CPU.Build.0 = Release|Any CPU
		{17C8DA0D-CCA2-4B8B-B523-411F7E07237B}.Debug|Any CPU.ActiveCfg = Debug|Any CPU
		{17C8DA0D-CCA2-4B8B-B523-411F7E07237B}.Debug|Any CPU.Build.0 = Debug|Any CPU
		{17C8DA0D-CCA2-4B8B-B523-411F7E07237B}.Release|Any CPU.ActiveCfg = Release|Any CPU
		{17C8DA0D-CCA2-4B8B-B523-411F7E07237B}.Release|Any CPU.Build.0 = Release|Any CPU
		{93450486-BC42-48A5-90A7-716A34954D80}.Debug|Any CPU.ActiveCfg = Debug|Any CPU
		{93450486-BC42-48A5-90A7-716A34954D80}.Debug|Any CPU.Build.0 = Debug|Any CPU
		{93450486-BC42-48A5-90A7-716A34954D80}.Release|Any CPU.ActiveCfg = Release|Any CPU
		{93450486-BC42-48A5-90A7-716A34954D80}.Release|Any CPU.Build.0 = Release|Any CPU
		{6FC84A83-59CE-40D7-ACF6-471FBE8319EC}.Debug|Any CPU.ActiveCfg = Debug|Any CPU
		{6FC84A83-59CE-40D7-ACF6-471FBE8319EC}.Debug|Any CPU.Build.0 = Debug|Any CPU
		{6FC84A83-59CE-40D7-ACF6-471FBE8319EC}.Release|Any CPU.ActiveCfg = Release|Any CPU
		{6FC84A83-59CE-40D7-ACF6-471FBE8319EC}.Release|Any CPU.Build.0 = Release|Any CPU
		{F7AED8EF-62C1-42A7-9415-808B39FD37DF}.Debug|Any CPU.ActiveCfg = Debug|Any CPU
		{F7AED8EF-62C1-42A7-9415-808B39FD37DF}.Debug|Any CPU.Build.0 = Debug|Any CPU
		{F7AED8EF-62C1-42A7-9415-808B39FD37DF}.Release|Any CPU.ActiveCfg = Release|Any CPU
		{F7AED8EF-62C1-42A7-9415-808B39FD37DF}.Release|Any CPU.Build.0 = Release|Any CPU
		{15F13ACD-E72B-4D7E-9D83-A8C8D3ED7D5B}.Debug|Any CPU.ActiveCfg = Debug|Any CPU
		{15F13ACD-E72B-4D7E-9D83-A8C8D3ED7D5B}.Debug|Any CPU.Build.0 = Debug|Any CPU
		{15F13ACD-E72B-4D7E-9D83-A8C8D3ED7D5B}.Release|Any CPU.ActiveCfg = Release|Any CPU
		{15F13ACD-E72B-4D7E-9D83-A8C8D3ED7D5B}.Release|Any CPU.Build.0 = Release|Any CPU
		{0ED611D9-1B27-4402-95BA-C98E2C92F96C}.Debug|Any CPU.ActiveCfg = Debug|Any CPU
		{0ED611D9-1B27-4402-95BA-C98E2C92F96C}.Debug|Any CPU.Build.0 = Debug|Any CPU
		{0ED611D9-1B27-4402-95BA-C98E2C92F96C}.Release|Any CPU.ActiveCfg = Release|Any CPU
		{0ED611D9-1B27-4402-95BA-C98E2C92F96C}.Release|Any CPU.Build.0 = Release|Any CPU
		{DA894EE2-8B3F-4373-857F-765941FE2EAA}.Debug|Any CPU.ActiveCfg = Debug|Any CPU
		{DA894EE2-8B3F-4373-857F-765941FE2EAA}.Debug|Any CPU.Build.0 = Debug|Any CPU
		{DA894EE2-8B3F-4373-857F-765941FE2EAA}.Release|Any CPU.ActiveCfg = Release|Any CPU
		{DA894EE2-8B3F-4373-857F-765941FE2EAA}.Release|Any CPU.Build.0 = Release|Any CPU
		{E6B25AC3-EB2D-4A30-8EA7-6DE33ECB61C9}.Debug|Any CPU.ActiveCfg = Debug|Any CPU
		{E6B25AC3-EB2D-4A30-8EA7-6DE33ECB61C9}.Debug|Any CPU.Build.0 = Debug|Any CPU
		{E6B25AC3-EB2D-4A30-8EA7-6DE33ECB61C9}.Release|Any CPU.ActiveCfg = Release|Any CPU
		{E6B25AC3-EB2D-4A30-8EA7-6DE33ECB61C9}.Release|Any CPU.Build.0 = Release|Any CPU
		{91E5962A-A362-4555-98F9-04D89592833F}.Debug|Any CPU.ActiveCfg = Debug|Any CPU
		{91E5962A-A362-4555-98F9-04D89592833F}.Debug|Any CPU.Build.0 = Debug|Any CPU
		{91E5962A-A362-4555-98F9-04D89592833F}.Release|Any CPU.ActiveCfg = Release|Any CPU
		{91E5962A-A362-4555-98F9-04D89592833F}.Release|Any CPU.Build.0 = Release|Any CPU
		{5FB25BDA-FAC1-433A-BCDF-9464C0190BB3}.Debug|Any CPU.ActiveCfg = Debug|Any CPU
		{5FB25BDA-FAC1-433A-BCDF-9464C0190BB3}.Debug|Any CPU.Build.0 = Debug|Any CPU
		{5FB25BDA-FAC1-433A-BCDF-9464C0190BB3}.Release|Any CPU.ActiveCfg = Release|Any CPU
		{5FB25BDA-FAC1-433A-BCDF-9464C0190BB3}.Release|Any CPU.Build.0 = Release|Any CPU
		{062308A4-1A5B-4C57-9705-F58BC2E186A4}.Debug|Any CPU.ActiveCfg = Debug|Any CPU
		{062308A4-1A5B-4C57-9705-F58BC2E186A4}.Debug|Any CPU.Build.0 = Debug|Any CPU
		{062308A4-1A5B-4C57-9705-F58BC2E186A4}.Release|Any CPU.ActiveCfg = Release|Any CPU
		{062308A4-1A5B-4C57-9705-F58BC2E186A4}.Release|Any CPU.Build.0 = Release|Any CPU
		{F0690657-37E0-4DC6-A47C-7C02269F599E}.Debug|Any CPU.ActiveCfg = Debug|Any CPU
		{F0690657-37E0-4DC6-A47C-7C02269F599E}.Debug|Any CPU.Build.0 = Debug|Any CPU
		{F0690657-37E0-4DC6-A47C-7C02269F599E}.Release|Any CPU.ActiveCfg = Release|Any CPU
		{F0690657-37E0-4DC6-A47C-7C02269F599E}.Release|Any CPU.Build.0 = Release|Any CPU
		{2AB489E2-259E-47BE-AC97-1C381E471E8D}.Debug|Any CPU.ActiveCfg = Debug|Any CPU
		{2AB489E2-259E-47BE-AC97-1C381E471E8D}.Debug|Any CPU.Build.0 = Debug|Any CPU
		{2AB489E2-259E-47BE-AC97-1C381E471E8D}.Release|Any CPU.ActiveCfg = Release|Any CPU
		{2AB489E2-259E-47BE-AC97-1C381E471E8D}.Release|Any CPU.Build.0 = Release|Any CPU
		{A5A00831-6318-4B64-A718-19C9300B871D}.Debug|Any CPU.ActiveCfg = Debug|Any CPU
		{A5A00831-6318-4B64-A718-19C9300B871D}.Debug|Any CPU.Build.0 = Debug|Any CPU
		{A5A00831-6318-4B64-A718-19C9300B871D}.Release|Any CPU.ActiveCfg = Release|Any CPU
		{A5A00831-6318-4B64-A718-19C9300B871D}.Release|Any CPU.Build.0 = Release|Any CPU
		{653D0270-7352-4797-8CA7-ED0E7D184DD0}.Debug|Any CPU.ActiveCfg = Debug|Any CPU
		{653D0270-7352-4797-8CA7-ED0E7D184DD0}.Debug|Any CPU.Build.0 = Debug|Any CPU
		{653D0270-7352-4797-8CA7-ED0E7D184DD0}.Release|Any CPU.ActiveCfg = Release|Any CPU
		{653D0270-7352-4797-8CA7-ED0E7D184DD0}.Release|Any CPU.Build.0 = Release|Any CPU
		{0B32D4F3-F74F-47E8-91FE-107AEB1E2E65}.Debug|Any CPU.ActiveCfg = Debug|Any CPU
		{0B32D4F3-F74F-47E8-91FE-107AEB1E2E65}.Debug|Any CPU.Build.0 = Debug|Any CPU
		{0B32D4F3-F74F-47E8-91FE-107AEB1E2E65}.Release|Any CPU.ActiveCfg = Release|Any CPU
		{0B32D4F3-F74F-47E8-91FE-107AEB1E2E65}.Release|Any CPU.Build.0 = Release|Any CPU
	EndGlobalSection
	GlobalSection(NestedProjects) = preSolution
		{618E9614-1C15-452D-A0A4-4EA89B605A67} = {7F6C859C-B82E-4928-8165-5E063D5A6FED}
		{6E8E91C0-80D4-49D3-8753-E28F8A1B074C} = {7F6C859C-B82E-4928-8165-5E063D5A6FED}
		{1D9839A4-E7EB-4F3E-9F35-48211711D91B} = {7F6C859C-B82E-4928-8165-5E063D5A6FED}
		{C16CB960-ABB6-4D1F-A741-94F60BA1A71C} = {7F6C859C-B82E-4928-8165-5E063D5A6FED}
		{8B319C69-4CFA-40A3-8FBB-A4982CE0BD29} = {7F6C859C-B82E-4928-8165-5E063D5A6FED}
		{258228B8-39EE-407D-8A0F-7F3D54E02EEB} = {7F6C859C-B82E-4928-8165-5E063D5A6FED}
		{813C4BDE-3309-47ED-B997-A706E8F80A16} = {7F6C859C-B82E-4928-8165-5E063D5A6FED}
		{E29EA766-80F2-4355-A5C3-DCDFBA15FB17} = {7F6C859C-B82E-4928-8165-5E063D5A6FED}
		{8FD80779-5EAD-45FE-8000-83A406E8D743} = {7F6C859C-B82E-4928-8165-5E063D5A6FED}
		{EBC956DD-C618-40F8-AD49-4703B04663B8} = {11C979DE-A262-41B9-AB62-06945F8DB347}
		{9F680F17-D9A6-4E83-96AB-190A6E9A3A0D} = {7F6C859C-B82E-4928-8165-5E063D5A6FED}
		{386F14D1-A1D0-4A2A-BAAA-090F8E98565A} = {7F6C859C-B82E-4928-8165-5E063D5A6FED}
		{C781B8FC-55B8-48E5-AE6E-6DD165040C14} = {381C321B-7B07-49AD-B0AC-02B88E48F38A}
		{F8B504EF-F7AA-47D1-B63A-82E3DEEBA69A} = {7F6C859C-B82E-4928-8165-5E063D5A6FED}
		{7AF668D8-6FF3-4318-88D0-31871C2B179E} = {7F6C859C-B82E-4928-8165-5E063D5A6FED}
		{702F210C-FEC5-4017-9506-836693A5BC2E} = {7F6C859C-B82E-4928-8165-5E063D5A6FED}
		{1946EC23-2E88-48A8-A9BC-1090ABA40150} = {7F6C859C-B82E-4928-8165-5E063D5A6FED}
		{4F417C6B-94BE-46EE-BCC4-9F2113D166A7} = {11C979DE-A262-41B9-AB62-06945F8DB347}
		{595B91FC-D2DD-4975-ADEC-F49F9B6857D8} = {7F6C859C-B82E-4928-8165-5E063D5A6FED}
		{C53B4470-AA1F-4CAF-A305-E22BDA2E4BF3} = {7F6C859C-B82E-4928-8165-5E063D5A6FED}
		{A25FAFF0-1BA5-41F8-A0A6-BEC344CF034F} = {7F6C859C-B82E-4928-8165-5E063D5A6FED}
		{19FB0B82-2ACE-483A-922D-3DFACC20D7DC} = {7F6C859C-B82E-4928-8165-5E063D5A6FED}
		{513D2B13-56C6-458F-B0BA-0B474DFD03CC} = {7F6C859C-B82E-4928-8165-5E063D5A6FED}
		{101DF6AB-4D7A-4695-B278-23FC8A44B7EA} = {7F6C859C-B82E-4928-8165-5E063D5A6FED}
		{17C8DA0D-CCA2-4B8B-B523-411F7E07237B} = {7F6C859C-B82E-4928-8165-5E063D5A6FED}
		{93450486-BC42-48A5-90A7-716A34954D80} = {7F6C859C-B82E-4928-8165-5E063D5A6FED}
		{6FC84A83-59CE-40D7-ACF6-471FBE8319EC} = {7F6C859C-B82E-4928-8165-5E063D5A6FED}
		{F7AED8EF-62C1-42A7-9415-808B39FD37DF} = {7F6C859C-B82E-4928-8165-5E063D5A6FED}
		{15F13ACD-E72B-4D7E-9D83-A8C8D3ED7D5B} = {7F6C859C-B82E-4928-8165-5E063D5A6FED}
		{0ED611D9-1B27-4402-95BA-C98E2C92F96C} = {7F6C859C-B82E-4928-8165-5E063D5A6FED}
		{DA894EE2-8B3F-4373-857F-765941FE2EAA} = {7F6C859C-B82E-4928-8165-5E063D5A6FED}
		{E6B25AC3-EB2D-4A30-8EA7-6DE33ECB61C9} = {7F6C859C-B82E-4928-8165-5E063D5A6FED}
		{91E5962A-A362-4555-98F9-04D89592833F} = {7F6C859C-B82E-4928-8165-5E063D5A6FED}
		{5FB25BDA-FAC1-433A-BCDF-9464C0190BB3} = {7F6C859C-B82E-4928-8165-5E063D5A6FED}
		{062308A4-1A5B-4C57-9705-F58BC2E186A4} = {7F6C859C-B82E-4928-8165-5E063D5A6FED}
		{F0690657-37E0-4DC6-A47C-7C02269F599E} = {7F6C859C-B82E-4928-8165-5E063D5A6FED}
		{2AB489E2-259E-47BE-AC97-1C381E471E8D} = {7F6C859C-B82E-4928-8165-5E063D5A6FED}
		{A5A00831-6318-4B64-A718-19C9300B871D} = {7F6C859C-B82E-4928-8165-5E063D5A6FED}
		{653D0270-7352-4797-8CA7-ED0E7D184DD0} = {7F6C859C-B82E-4928-8165-5E063D5A6FED}
		{0B32D4F3-F74F-47E8-91FE-107AEB1E2E65} = {471ADAD9-6BF0-4DCC-9E87-F9CCFCF95767}
	EndGlobalSection
EndGlobal
